
Microsoft Visual Studio Solution File, Format Version 12.00
# Visual Studio 15
VisualStudioVersion = 15.0.26730.10
MinimumVisualStudioVersion = 15.0.26430.12
Project("{9A19103F-16F7-4668-BE54-9A1E7A4F7556}") = "NServiceBus.Recoverability.RetrySucessNotification", "RetrySuccessNotification\NServiceBus.Recoverability.RetrySucessNotification.csproj", "{77F972CB-AB16-4AA2-8D3C-EC9956264C4F}"
EndProject
Project("{9A19103F-16F7-4668-BE54-9A1E7A4F7556}") = "NServiceBus.Recoverability.RetrySucessNotification.ComponentTests", "Tests\NServiceBus.Recoverability.RetrySucessNotification.ComponentTests.csproj", "{E4630078-0E00-4326-B5C5-C0882920DC16}"
EndProject
Project("{FAE04EC0-301F-11D3-BF4B-00C04F79EFBC}") = "NServiceBus.Recoverability.RetrySucessNotification.AcceptanceTests", "AcceptanceTests\NServiceBus.Recoverability.RetrySucessNotification.AcceptanceTests.csproj", "{70AE46E9-557C-4278-85AB-09AC38EFA357}"
EndProject
Global
	GlobalSection(SolutionConfigurationPlatforms) = preSolution
		Debug|Any CPU = Debug|Any CPU
		Release|Any CPU = Release|Any CPU
	EndGlobalSection
	GlobalSection(ProjectConfigurationPlatforms) = postSolution
		{77F972CB-AB16-4AA2-8D3C-EC9956264C4F}.Debug|Any CPU.ActiveCfg = Debug|Any CPU
		{77F972CB-AB16-4AA2-8D3C-EC9956264C4F}.Debug|Any CPU.Build.0 = Debug|Any CPU
		{77F972CB-AB16-4AA2-8D3C-EC9956264C4F}.Release|Any CPU.ActiveCfg = Release|Any CPU
		{77F972CB-AB16-4AA2-8D3C-EC9956264C4F}.Release|Any CPU.Build.0 = Release|Any CPU
		{E4630078-0E00-4326-B5C5-C0882920DC16}.Debug|Any CPU.ActiveCfg = Debug|Any CPU
		{E4630078-0E00-4326-B5C5-C0882920DC16}.Debug|Any CPU.Build.0 = Debug|Any CPU
		{E4630078-0E00-4326-B5C5-C0882920DC16}.Release|Any CPU.ActiveCfg = Release|Any CPU
		{E4630078-0E00-4326-B5C5-C0882920DC16}.Release|Any CPU.Build.0 = Release|Any CPU
		{70AE46E9-557C-4278-85AB-09AC38EFA357}.Debug|Any CPU.ActiveCfg = Debug|Any CPU
		{70AE46E9-557C-4278-85AB-09AC38EFA357}.Debug|Any CPU.Build.0 = Debug|Any CPU
		{70AE46E9-557C-4278-85AB-09AC38EFA357}.Release|Any CPU.ActiveCfg = Release|Any CPU
		{70AE46E9-557C-4278-85AB-09AC38EFA357}.Release|Any CPU.Build.0 = Release|Any CPU
	EndGlobalSection
	GlobalSection(SolutionProperties) = preSolution
		HideSolutionNode = FALSE
	EndGlobalSection
	GlobalSection(ExtensibilityGlobals) = postSolution
		SolutionGuid = {A7437927-70D6-4B27-BD66-7FD5A3823D22}
	EndGlobalSection
EndGlobal
